
Microsoft Visual Studio Solution File, Format Version 12.00
# Visual Studio 15
VisualStudioVersion = 15.0.26730.3
MinimumVisualStudioVersion = 10.0.40219.1
Project("{9A19103F-16F7-4668-BE54-9A1E7A4F7556}") = "SieveOfEratosthenesProject", "SieveOfEratosthenesProject\SieveOfEratosthenesProject.csproj", "{AAA6C6E0-759B-4EC6-A049-5FEF0E6EBF3B}"
EndProject
Project("{9A19103F-16F7-4668-BE54-9A1E7A4F7556}") = "Tests", "Tests\Tests.csproj", "{774552C0-D65B-4A2B-A210-B874FE43B753}"
	ProjectSection(ProjectDependencies) = postProject
		{AAA6C6E0-759B-4EC6-A049-5FEF0E6EBF3B} = {AAA6C6E0-759B-4EC6-A049-5FEF0E6EBF3B}
	EndProjectSection
EndProject
Project("{9A19103F-16F7-4668-BE54-9A1E7A4F7556}") = "SieveOfEratosthenesDomain", "Domain\SieveOfEratosthenesDomain.csproj", "{1AFA9A64-D9D7-453F-9F29-9D09FD61BD69}"
EndProject
Project("{9A19103F-16F7-4668-BE54-9A1E7A4F7556}") = "PrimaryPorts", "PrimaryPorts\PrimaryPorts.csproj", "{BFA8F792-2374-4ABB-843D-265462262879}"
EndProject
Project("{FAE04EC0-301F-11D3-BF4B-00C04F79EFBC}") = "TestsXUnit", "TestsXUnit\TestsXUnit.csproj", "{D7B891B2-62F6-4C44-A201-640433F7D69F}"
EndProject
Global
	GlobalSection(SolutionConfigurationPlatforms) = preSolution
		Debug|Any CPU = Debug|Any CPU
		Release|Any CPU = Release|Any CPU
	EndGlobalSection
	GlobalSection(ProjectConfigurationPlatforms) = postSolution
		{AAA6C6E0-759B-4EC6-A049-5FEF0E6EBF3B}.Debug|Any CPU.ActiveCfg = Debug|Any CPU
		{AAA6C6E0-759B-4EC6-A049-5FEF0E6EBF3B}.Debug|Any CPU.Build.0 = Debug|Any CPU
		{AAA6C6E0-759B-4EC6-A049-5FEF0E6EBF3B}.Release|Any CPU.ActiveCfg = Release|Any CPU
		{AAA6C6E0-759B-4EC6-A049-5FEF0E6EBF3B}.Release|Any CPU.Build.0 = Release|Any CPU
		{774552C0-D65B-4A2B-A210-B874FE43B753}.Debug|Any CPU.ActiveCfg = Debug|Any CPU
		{774552C0-D65B-4A2B-A210-B874FE43B753}.Debug|Any CPU.Build.0 = Debug|Any CPU
		{774552C0-D65B-4A2B-A210-B874FE43B753}.Release|Any CPU.ActiveCfg = Release|Any CPU
		{774552C0-D65B-4A2B-A210-B874FE43B753}.Release|Any CPU.Build.0 = Release|Any CPU
		{1AFA9A64-D9D7-453F-9F29-9D09FD61BD69}.Debug|Any CPU.ActiveCfg = Debug|Any CPU
		{1AFA9A64-D9D7-453F-9F29-9D09FD61BD69}.Debug|Any CPU.Build.0 = Debug|Any CPU
		{1AFA9A64-D9D7-453F-9F29-9D09FD61BD69}.Release|Any CPU.ActiveCfg = Release|Any CPU
		{1AFA9A64-D9D7-453F-9F29-9D09FD61BD69}.Release|Any CPU.Build.0 = Release|Any CPU
		{BFA8F792-2374-4ABB-843D-265462262879}.Debug|Any CPU.ActiveCfg = Debug|Any CPU
		{BFA8F792-2374-4ABB-843D-265462262879}.Debug|Any CPU.Build.0 = Debug|Any CPU
		{BFA8F792-2374-4ABB-843D-265462262879}.Release|Any CPU.ActiveCfg = Release|Any CPU
		{BFA8F792-2374-4ABB-843D-265462262879}.Release|Any CPU.Build.0 = Release|Any CPU
		{D7B891B2-62F6-4C44-A201-640433F7D69F}.Debug|Any CPU.ActiveCfg = Debug|Any CPU
		{D7B891B2-62F6-4C44-A201-640433F7D69F}.Debug|Any CPU.Build.0 = Debug|Any CPU
		{D7B891B2-62F6-4C44-A201-640433F7D69F}.Release|Any CPU.ActiveCfg = Release|Any CPU
		{D7B891B2-62F6-4C44-A201-640433F7D69F}.Release|Any CPU.Build.0 = Release|Any CPU
	EndGlobalSection
	GlobalSection(SolutionProperties) = preSolution
		HideSolutionNode = FALSE
	EndGlobalSection
	GlobalSection(ExtensibilityGlobals) = postSolution
		SolutionGuid = {69E9FF21-41C8-457E-9B4C-7560ED50666E}
	EndGlobalSection
EndGlobal
